dependencies:
  espressif/button:
    component_hash: 1f5297fe16f0ee988dbb14b6f4c91782fe2baf85025bb15cc1e0093edd3fb2ee
    source:
      service_url: https://api.components.espressif.com/
      type: service
    version: 3.2.0
  espressif/cmake_utilities:
    component_hash: 351350613ceafba240b761b4ea991e0f231ac7a9f59a9ee901f751bddc0bb18f
    source:
      service_url: https://api.components.espressif.com/
      type: service
    version: 0.5.3
  espressif/esp-zboss-lib:
    component_hash: 11a05772e4eef80824c4400b773ead2777be2b038c4b7b13ab4985bd13ee623d
    source:
      service_url: https://api.components.espressif.com/
      type: service
    version: 1.2.3
  espressif/esp-zigbee-lib:
    component_hash: b0c59518e72be7980f93580879d052f5b0fc8f20797ec1f111630435d320806e
    source:
      service_url: https://api.components.espressif.com/
      type: service
    version: 1.2.3
  idf:
    component_hash: null
    source:
      type: idf
    version: 5.2.1
manifest_hash: 222ed0cc96981fc21e48b07851e8eacced552bebdd09db34afd4eb6c74189d51
target: esp32c6
version: 1.0.0
